// !$*UTF8*$!
{
	archiveVersion = 1;
	classes = {
	};
	objectVersion = 46;
	objects = {

/* Begin PBXBuildFile section */
		F9714B1E1CF5F95000216712 /* AppDelegate.swift in Sources */ = {isa = PBXBuildFile; fileRef = F9714B1D1CF5F95000216712 /* AppDelegate.swift */; };
		F9714B201CF5F95000216712 /* ViewController.swift in Sources */ = {isa = PBXBuildFile; fileRef = F9714B1F1CF5F95000216712 /* ViewController.swift */; };
		F9714B231CF5F95000216712 /* Main.storyboard in Resources */ = {isa = PBXBuildFile; fileRef = F9714B211CF5F95000216712 /* Main.storyboard */; };
		F9714B251CF5F95000216712 /* Assets.xcassets in Resources */ = {isa = PBXBuildFile; fileRef = F9714B241CF5F95000216712 /* Assets.xcassets */; };
		F9714B281CF5F95000216712 /* LaunchScreen.storyboard in Resources */ = {isa = PBXBuildFile; fileRef = F9714B261CF5F95000216712 /* LaunchScreen.storyboard */; };
/* End PBXBuildFile section */

/* Begin PBXFileReference section */
		F9714B1A1CF5F95000216712 /* Old-school-mac.app */ = {isa = PBXFileReference; explicitFileType = wrapper.application; includeInIndex = 0; path = "Old-school-mac.app"; sourceTree = BUILT_PRODUCTS_DIR; };
		F9714B1D1CF5F95000216712 /* AppDelegate.swift */ = {isa = PBXFileReference; lastKnownFileType = sourcecode.swift; path = AppDelegate.swift; sourceTree = "<group>"; };
		F9714B1F1CF5F95000216712 /* ViewController.swift */ = {isa = PBXFileReference; lastKnownFileType = sourcecode.swift; path = ViewController.swift; sourceTree = "<group>"; };
		F9714B221CF5F95000216712 /* Base */ = {isa = PBXFileReference; lastKnownFileType = file.storyboard; name = Base; path = Base.lproj/Main.storyboard; sourceTree = "<group>"; };
		F9714B241CF5F95000216712 /* Assets.xcassets */ = {isa = PBXFileReference; lastKnownFileType = folder.assetcatalog; path = Assets.xcassets; sourceTree = "<group>"; };
		F9714B271CF5F95000216712 /* Base */ = {isa = PBXFileReference; lastKnownFileType = file.storyboard; name = Base; path = Base.lproj/LaunchScreen.storyboard; sourceTree = "<group>"; };
		F9714B291CF5F95000216712 /* Info.plist */ = {isa = PBXFileReference; lastKnownFileType = text.plist.xml; path = Info.plist; sourceTree = "<group>"; };
/* End PBXFileReference section */

/* Begin PBXFrameworksBuildPhase section */
		F9714B171CF5F95000216712 /* Frameworks */ = {
			isa = PBXFrameworksBuildPhase;
			buildActionMask = 2147483647;
			files = (
			);
			runOnlyForDeploymentPostprocessing = 0;
		};
/* End PBXFrameworksBuildPhase section */

/* Begin PBXGroup section */
		F9714B111CF5F95000216712 = {
			isa = PBXGroup;
			children = (
				F9714B1C1CF5F95000216712 /* Old-school-mac */,
				F9714B1B1CF5F95000216712 /* Products */,
			);
			sourceTree = "<group>";
		};
		F9714B1B1CF5F95000216712 /* Products */ = {
			isa = PBXGroup;
			children = (
				F9714B1A1CF5F95000216712 /* Old-school-mac.app */,
			);
			name = Products;
			sourceTree = "<group>";
		};
		F9714B1C1CF5F95000216712 /* Old-school-mac */ = {
			isa = PBXGroup;
			children = (
				F9714B1D1CF5F95000216712 /* AppDelegate.swift */,
				F9714B1F1CF5F95000216712 /* ViewController.swift */,
				F9714B211CF5F95000216712 /* Main.storyboard */,
				F9714B241CF5F95000216712 /* Assets.xcassets */,
				F9714B261CF5F95000216712 /* LaunchScreen.storyboard */,
				F9714B291CF5F95000216712 /* Info.plist */,
			);
			path = "Old-school-mac";
			sourceTree = "<group>";
		};
/* End PBXGroup section */

/* Begin PBXNativeTarget section */
		F9714B191CF5F95000216712 /* Old-school-mac */ = {
			isa = PBXNativeTarget;
			buildConfigurationList = F9714B2C1CF5F95000216712 /* Build configuration list for PBXNativeTarget "Old-school-mac" */;
			buildPhases = (
				F9714B161CF5F95000216712 /* Sources */,
				F9714B171CF5F95000216712 /* Frameworks */,
				F9714B181CF5F95000216712 /* Resources */,
			);
			buildRules = (
			);
			dependencies = (
			);
			name = "Old-school-mac";
			productName = "Old-school-mac";
			productReference = F9714B1A1CF5F95000216712 /* Old-school-mac.app */;
			productType = "com.apple.product-type.application";
		};
/* End PBXNativeTarget section */

/* Begin PBXProject section */
		F9714B121CF5F95000216712 /* Project object */ = {
			isa = PBXProject;
			attributes = {
				LastSwiftUpdateCheck = 0730;
				LastUpgradeCheck = 0730;
				ORGANIZATIONNAME = ClenTech;
				TargetAttributes = {
					F9714B191CF5F95000216712 = {
						CreatedOnToolsVersion = 7.3.1;
						DevelopmentTeam = 6F749A9F6C;
					};
				};
			};
			buildConfigurationList = F9714B151CF5F95000216712 /* Build configuration list for PBXProject "Old-school-mac" */;
			compatibilityVersion = "Xcode 3.2";
			developmentRegion = English;
			hasScannedForEncodings = 0;
			knownRegions = (
				en,
				Base,
			);
			mainGroup = F9714B111CF5F95000216712;
			productRefGroup = F9714B1B1CF5F95000216712 /* Products */;
			projectDirPath = "";
			projectRoot = "";
			targets = (
				F9714B191CF5F95000216712 /* Old-school-mac */,
			);
		};
/* End PBXProject section */

/* Begin PBXResourcesBuildPhase section */
		F9714B181CF5F95000216712 /* Resources */ = {
			isa = PBXResourcesBuildPhase;
			buildActionMask = 2147483647;
			files = (
				F9714B281CF5F95000216712 /* LaunchScreen.storyboard in Resources */,
				F9714B251CF5F95000216712 /* Assets.xcassets in Resources */,
				F9714B231CF5F95000216712 /* Main.storyboard in Resources */,
			);
			runOnlyForDeploymentPostprocessing = 0;
		};
/* End PBXResourcesBuildPhase section */

/* Begin PBXSourcesBuildPhase section */
		F9714B161CF5F95000216712 /* Sources */ = {
			isa = PBXSourcesBuildPhase;
			buildActionMask = 2147483647;
			files = (
				F9714B201CF5F95000216712 /* ViewController.swift in Sources */,
				F9714B1E1CF5F95000216712 /* AppDelegate.swift in Sources */,
			);
			runOnlyForDeploymentPostprocessing = 0;
		};
/* End PBXSourcesBuildPhase section */

/* Begin PBXVariantGroup section */
		F9714B211CF5F95000216712 /* Main.storyboard */ = {
			isa = PBXVariantGroup;
			children = (
				F9714B221CF5F95000216712 /* Base */,
			);
			name = Main.storyboard;
			sourceTree = "<group>";
		};
		F9714B261CF5F95000216712 /* LaunchScreen.storyboard */ = {
			isa = PBXVariantGroup;
			children = (
				F9714B271CF5F95000216712 /* Base */,
			);
			name = LaunchScreen.storyboard;
			sourceTree = "<group>";
		};
/* End PBXVariantGroup section */

/* Begin XCBuildConfiguration section */
		F9714B2A1CF5F95000216712 /* Debug */ = {
			isa = XCBuildConfiguration;
			buildSettings = {
				ALWAYS_SEARCH_USER_PATHS = NO;
				CLANG_ANALYZER_NONNULL = YES;
				CLANG_CXX_LANGUAGE_STANDARD = "gnu++0x";
				CLANG_CXX_LIBRARY = "libc++";
				CLANG_ENABLE_MODULES = YES;
				CLANG_ENABLE_OBJC_ARC = YES;
				CLANG_WARN_BOOL_CONVERSION = YES;
				CLANG_WARN_CONSTANT_CONVERSION = YES;
				CLANG_WARN_DIRECT_OBJC_ISA_USAGE = YES_ERROR;
				CLANG_WARN_EMPTY_BODY = YES;
				CLANG_WARN_ENUM_CONVERSION = YES;
				CLANG_WARN_INT_CONVERSION = YES;
				CLANG_WARN_OBJC_ROOT_CLASS = YES_ERROR;
				CLANG_WARN_UNREACHABLE_CODE = YES;
				CLANG_WARN__DUPLICATE_METHOD_MATCH = YES;
				"CODE_SIGN_IDENTITY[sdk=iphoneos*]" = "iPhone Developer";
				COPY_PHASE_STRIP = NO;
				DEBUG_INFORMATION_FORMAT = dwarf;
				ENABLE_STRICT_OBJC_MSGSEND = YES;
				ENABLE_TESTABILITY = YES;
				GCC_C_LANGUAGE_STANDARD = gnu99;
				GCC_DYNAMIC_NO_PIC = NO;
				GCC_NO_COMMON_BLOCKS = YES;
				GCC_OPTIMIZATION_LEVEL = 0;
				GCC_PREPROCESSOR_DEFINITIONS = (
					"DEBUG=1",
					"$(inherited)",
				);
				GCC_WARN_64_TO_32_BIT_CONVERSION = YES;
				GCC_WARN_ABOUT_RETURN_TYPE = YES_ERROR;
				GCC_WARN_UNDECLARED_SELECTOR = YES;
				GCC_WARN_UNINITIALIZED_AUTOS = YES_AGGRESSIVE;
				GCC_WARN_UNUSED_FUNCTION = YES;
				GCC_WARN_UNUSED_VARIABLE = YES;
				IPHONEOS_DEPLOYMENT_TARGET = 9.3;
				MTL_ENABLE_DEBUG_INFO = YES;
				ONLY_ACTIVE_ARCH = YES;
				SDKROOT = iphoneos;
				SWIFT_OPTIMIZATION_LEVEL = "-Onone";
			};
			name = Debug;
		};
		F9714B2B1CF5F95000216712 /* Release */ = {
			isa = XCBuildConfiguration;
			buildSettings = {
				ALWAYS_SEARCH_USER_PATHS = NO;
				CLANG_ANALYZER_NONNULL = YES;
				CLANG_CXX_LANGUAGE_STANDARD = "gnu++0x";
				CLANG_CXX_LIBRARY = "libc++";
				CLANG_ENABLE_MODULES = YES;
				CLANG_ENABLE_OBJC_ARC = YES;
				CLANG_WARN_BOOL_CONVERSION = YES;
				CLANG_WARN_CONSTANT_CONVERSION = YES;
				CLANG_WARN_DIRECT_OBJC_ISA_USAGE = YES_ERROR;
				CLANG_WARN_EMPTY_BODY = YES;
				CLANG_WARN_ENUM_CONVERSION = YES;
				CLANG_WARN_INT_CONVERSION = YES;
				CLANG_WARN_OBJC_ROOT_CLASS = YES_ERROR;
				CLANG_WARN_UNREACHABLE_CODE = YES;
				CLANG_WARN__DUPLICATE_METHOD_MATCH = YES;
				"CODE_SIGN_IDENTITY[sdk=iphoneos*]" = "iPhone Developer";
				COPY_PHASE_STRIP = NO;
				DEBUG_INFORMATION_FORMAT = "dwarf-with-dsym";
				ENABLE_NS_ASSERTIONS = NO;
				ENABLE_STRICT_OBJC_MSGSEND = YES;
				GCC_C_LANGUAGE_STANDARD = gnu99;
				GCC_NO_COMMON_BLOCKS = YES;
				GCC_WARN_64_TO_32_BIT_CONVERSION = YES;
				GCC_WARN_ABOUT_RETURN_TYPE = YES_ERROR;
				GCC_WARN_UNDECLARED_SELECTOR = YES;
				GCC_WARN_UNINITIALIZED_AUTOS = YES_AGGRESSIVE;
				GCC_WARN_UNUSED_FUNCTION = YES;
				GCC_WARN_UNUSED_VARIABLE = YES;
				IPHONEOS_DEPLOYMENT_TARGET = 9.3;
				MTL_ENABLE_DEBUG_INFO = NO;
				SDKROOT = iphoneos;
				VALIDATE_PRODUCT = YES;
			};
			name = Release;
		};
		F9714B2D1CF5F95000216712 /* Debug */ = {
			isa = XCBuildConfiguration;
			buildSettings = {
				ASSETCATALOG_COMPILER_APPICON_NAME = AppIcon;
				INFOPLIST_FILE = "Old-school-mac/Info.plist";
				LD_RUNPATH_SEARCH_PATHS = "$(inherited) @executable_path/Frameworks";
				PRODUCT_BUNDLE_IDENTIFIER = "com.ClenTech.Old-school-mac";
				PRODUCT_NAME = "$(TARGET_NAME)";
			};
			name = Debug;
		};
		F9714B2E1CF5F95000216712 /* Release */ = {
			isa = XCBuildConfiguration;
			buildSettings = {
				ASSETCATALOG_COMPILER_APPICON_NAME = AppIcon;
				INFOPLIST_FILE = "Old-school-mac/Info.plist";
				LD_RUNPATH_SEARCH_PATHS = "$(inherited) @executable_path/Frameworks";
				PRODUCT_BUNDLE_IDENTIFIER = "com.ClenTech.Old-school-mac";
				PRODUCT_NAME = "$(TARGET_NAME)";
			};
			name = Release;
		};
/* End XCBuildConfiguration section */

/* Begin XCConfigurationList section */
		F9714B151CF5F95000216712 /* Build configuration list for PBXProject "Old-school-mac" */ = {
			isa = XCConfigurationList;
			buildConfigurations = (
				F9714B2A1CF5F95000216712 /* Debug */,
				F9714B2B1CF5F95000216712 /* Release */,
			);
			defaultConfigurationIsVisible = 0;
			defaultConfigurationName = Release;
		};
		F9714B2C1CF5F95000216712 /* Build configuration list for PBXNativeTarget "Old-school-mac" */ = {
			isa = XCConfigurationList;
			buildConfigurations = (
				F9714B2D1CF5F95000216712 /* Debug */,
				F9714B2E1CF5F95000216712 /* Release */,
			);
			defaultConfigurationIsVisible = 0;
		};
/* End XCConfigurationList section */
	};
	rootObject = F9714B121CF5F95000216712 /* Project object */;
}
